
Microsoft Visual Studio Solution File, Format Version 12.00
# Visual Studio Version 16
VisualStudioVersion = 25.0.1706.8
MinimumVisualStudioVersion = 10.0.40219.1
Project("{FAE04EC0-301F-11D3-BF4B-00C04F79EFBC}") = "A24 Ex02 OsherCohen 206617516 GuyMizrahi 315444596", "A24 Ex02 OsherCohen 206617516 GuyMizrahi 315444596\A24 Ex02 OsherCohen 206617516 GuyMizrahi 315444596.csproj", "{5FE5A034-216D-4D82-BD05-23DBBC0B340F}"
EndProject
Global
	GlobalSection(SolutionConfigurationPlatforms) = preSolution
		Debug|Any CPU = Debug|Any CPU
		Release|Any CPU = Release|Any CPU
	EndGlobalSection
	GlobalSection(ProjectConfigurationPlatforms) = postSolution
		{5FE5A034-216D-4D82-BD05-23DBBC0B340F}.Debug|Any CPU.ActiveCfg = Debug|Any CPU
		{5FE5A034-216D-4D82-BD05-23DBBC0B340F}.Debug|Any CPU.Build.0 = Debug|Any CPU
		{5FE5A034-216D-4D82-BD05-23DBBC0B340F}.Release|Any CPU.ActiveCfg = Release|Any CPU
		{5FE5A034-216D-4D82-BD05-23DBBC0B340F}.Release|Any CPU.Build.0 = Release|Any CPU
	EndGlobalSection
	GlobalSection(SolutionProperties) = preSolution
		HideSolutionNode = FALSE
	EndGlobalSection
	GlobalSection(ExtensibilityGlobals) = postSolution
		SolutionGuid = {8466F797-7451-47D7-9814-07D898FE8D2F}
	EndGlobalSection
EndGlobal
